# This file is autogenerated, do not edit; changes may be undone by the next 'dep ensure'.


[[projects]]
  branch = "master"
  digest = "1:eda2296387e3dae410b4ceb25e4db754d6bb552666584ef93ca1d98aa12920df"
  name = "github.com/bitrise-io/colorstring"
  packages = ["."]
  pruneopts = "UT"
  revision = "a8cd701151924e6beffb74a34a556b320e0cfcf7"

[[projects]]
  branch = "master"
  digest = "1:4e1c0cc22c53c5ebda9bd380afd5b56a2f1fc9e6fd2eed59ab8ba0c1522eee19"
  name = "github.com/bitrise-io/envman"
  packages = ["models"]
  pruneopts = "UT"
  revision = "919e33f391ee97e87193ae604967f02707a64e37"

[[projects]]
  branch = "master"
  digest = "1:6693fbc089869a807cec6da87138607553e05770a496cc740704607a00810c4d"
  name = "github.com/bitrise-io/go-utils"
  packages = [
    "colorstring",
    "command",
    "command/git",
    "fileutil",
    "log",
    "parseutil",
    "pathutil",
    "pointers",
    "retry",
    "stringutil",
    "urlutil",
    "versions",
  ]
  pruneopts = "UT"
  revision = "859032e9adf02532a86a362ae5d1cfbc9292fcaf"

[[projects]]
  branch = "master"
  digest = "1:980e760f25b82cb4ffe32b146956029f1f5c8bea3c39f9f973cc023d4ae965b1"
  name = "github.com/bitrise-io/goinp"
  packages = ["goinp"]
  pruneopts = "UT"
  revision = "bd18a8681e272db4696c50152b288f722d08b914"

[[projects]]
  digest = "1:ffe9824d294da03b391f44e1ae8281281b4afc1bdaa9588c9097785e3af10cec"
  name = "github.com/davecgh/go-spew"
  packages = ["spew"]
  pruneopts = "UT"
  revision = "8991bc29aa16c548c550c7ff78260e27b9ab7c73"
  version = "v1.1.1"

[[projects]]
  digest = "1:ea920fc7bb1d9a2fe99782eb6a5b4e809dfbfcfabd6ab55a387353934acbf09c"
  name = "github.com/google/go-cmp"
  packages = [
    "cmp",
    "cmp/internal/diff",
    "cmp/internal/flags",
    "cmp/internal/function",
    "cmp/internal/value",
  ]
  pruneopts = "UT"
  revision = "7e5cb83929c528b29e5a8ac1244eab0436f79bce"
  version = "v0.4.1"

[[projects]]
  digest = "1:0028cb19b2e4c3112225cd871870f2d9cf49b9b4276531f03438a88e94be86fe"
  name = "github.com/pmezard/go-difflib"
  packages = ["difflib"]
  pruneopts = "UT"
  revision = "792786c7400a136282c1664665ae0a8db921c6c2"
  version = "v1.0.0"

[[projects]]
  branch = "master"
  digest = "1:7aa7b3a7d51bc1e282c5f0a0ca606b8e56a2929007c8598eca3f6648a931d663"
  name = "github.com/sirupsen/logrus"
  packages = ["."]
  pruneopts = "UT"
  revision = "8ae478eb8a850a54ea4915a2b572f377de1f9c7e"

[[projects]]
  digest = "1:729f65378817684798e53068862397c12daffa0757abbe073f6620a560fc6fb5"
  name = "github.com/stretchr/testify"
  packages = [
    "assert",
    "require",
  ]
  pruneopts = "UT"
  revision = "f654a9112bbeac49ca2cd45bfbe11533c4666cf8"
  version = "v1.6.1"

[[projects]]
  digest = "1:ca4df663ad76879ad38dbd736493679cbb1aa596c6d479fd9fc5e959e5ceb4fb"
  name = "github.com/urfave/cli"
  packages = ["."]
  pruneopts = "UT"
  revision = "e6cf83ec39f6e1158ced1927d4ed14578fda8edb"

[[projects]]
  branch = "master"
  digest = "1:c9d0c7346c55bc13efdb3dbf13938e909d22a7a7bf115af69a79e25553513bd0"
  name = "golang.org/x/crypto"
  packages = ["ssh/terminal"]
  pruneopts = "UT"
  revision = "5f87f3452ae96c4850ab9af7783f2517b643061b"

[[projects]]
  branch = "master"
  digest = "1:0fd3d404a31c2740533a340eee0963509a03c22fd547053e8022d6a92cbe375e"
  name = "golang.org/x/sys"
  packages = [
    "internal/unsafeheader",
    "plan9",
    "unix",
    "windows",
  ]
  pruneopts = "UT"
  revision = "aec9a390925b9feece6a6e9b19bdaf177e084ed4"

[[projects]]
  branch = "master"
  digest = "1:aff3723b8ec6c06bb52b62cf492783ae041e137534714289acb6625c031d1b24"
  name = "golang.org/x/term"
  packages = ["."]
  pruneopts = "UT"
  revision = "2321bbc49cbf8303ea9834c419750e793e31be73"

[[projects]]
  digest = "1:5054a1f394226de9e6ddc47b0ba77e35092a4112f4a1cd9cb94aba1f5bdc3ec6"
  name = "gopkg.in/yaml.v2"
  packages = ["."]
  pruneopts = "UT"
  revision = "7649d4548cb53a614db133b2a8ac1f31859dda8c"
  version = "v2.4.0"

[[projects]]
  branch = "v3"
  digest = "1:229cb0f6192914f518cc1241ede6d6f1f458b31debfa18bf3a5c9e4f7b01e24b"
  name = "gopkg.in/yaml.v3"
  packages = ["."]
  pruneopts = "UT"
  revision = "eeeca48fe7764f320e4870d231902bf9c1be2c08"

[solve-meta]
  analyzer-name = "dep"
  analyzer-version = 1
  input-imports = [
    "github.com/bitrise-io/colorstring",
    "github.com/bitrise-io/envman/models",
    "github.com/bitrise-io/go-utils/colorstring",
    "github.com/bitrise-io/go-utils/command",
    "github.com/bitrise-io/go-utils/command/git",
    "github.com/bitrise-io/go-utils/fileutil",
    "github.com/bitrise-io/go-utils/log",
    "github.com/bitrise-io/go-utils/pathutil",
    "github.com/bitrise-io/go-utils/pointers",
    "github.com/bitrise-io/go-utils/retry",
    "github.com/bitrise-io/go-utils/stringutil",
    "github.com/bitrise-io/go-utils/urlutil",
    "github.com/bitrise-io/go-utils/versions",
    "github.com/bitrise-io/goinp/goinp",
    "github.com/google/go-cmp/cmp",
    "github.com/sirupsen/logrus",
    "github.com/stretchr/testify/assert",
    "github.com/stretchr/testify/require",
    "github.com/urfave/cli",
    "gopkg.in/yaml.v2",
  ]
  solver-name = "gps-cdcl"
  solver-version = 1
